{
  "pins" : [
    {
      "identity" : "glad",
      "kind" : "remoteSourceControl",
      "location" : "https://github.com/Zollerboy1/glad.git",
      "state" : {
        "revision" : "141288aafc68624cf2ad4144c7c10ca7f8f836dc",
        "version" : "1.0.0"
      }
    },
    {
      "identity" : "glfw",
      "kind" : "remoteSourceControl",
      "location" : "https://github.com/Zollerboy1/GLFW.git",
      "state" : {
        "revision" : "9e9f6e213a4e4059cdac99ccc98b48d91ab0d2bd",
        "version" : "1.1.1"
      }
    },
    {
      "identity" : "imgui",
      "kind" : "remoteSourceControl",
      "location" : "https://github.com/Zollerboy1/ImGui.git",
      "state" : {
        "revision" : "f0201cf8386b0f8d90162c6bc98d51da1d7fc7ef",
        "version" : "2.4.1"
      }
    },
    {
      "identity" : "swiftysimd",
      "kind" : "remoteSourceControl",
      "location" : "https://github.com/Zollerboy1/SwiftySIMD.git",
      "state" : {
        "revision" : "7c3c56b6443d00ed48ecd9cb5e212c57103913b7",
        "version" : "0.1.1"
      }
    }
  ],
  "version" : 2
}
